{
  "name": "acs-domain-checker - Project",
  "lockfileVersion": 3,
  "requires": true,
  "packages": {
    "": {
      "dependencies": {
        "@azure/msal-browser": "^5.2.0"
      }
    },
    "node_modules/@azure/msal-browser": {
      "version": "5.2.0",
      "resolved": "https://registry.npmjs.org/@azure/msal-browser/-/msal-browser-5.2.0.tgz",
      "integrity": "sha512-YP2XEo6Bsi9urkyWxe5s2yl0ZJhJ46BJjUYIhXe6TUQguj460+wFioztwNAGgL33ECn/s3p0UK6CAQDJ5K7bnw==",
      "dependencies": {
        "@azure/msal-common": "16.0.4"
      },
      "engines": {
        "node": ">=0.8.0"
      }
    },
    "node_modules/@azure/msal-common": {
      "version": "16.0.4",
      "resolved": "https://registry.npmjs.org/@azure/msal-common/-/msal-common-16.0.4.tgz",
      "integrity": "sha512-0KZ9/wbUyZN65JLAx5bGNfWjkD0kRMUgM99oSpZFg7wEOb3XcKIiHrFnIpgyc8zZ70fHodyh8JKEOel1oN24Gw==",
      "engines": {
        "node": ">=0.8.0"
      }
    }
  }
}
